version: 6
environments:
  default:
    channels:
    - url: https://conda.anaconda.org/conda-forge/
    packages:
      win-64:
      - conda: https://conda.anaconda.org/conda-forge/win-64/bzip2-1.0.8-h2466b09_7.conda
      - conda: https://conda.anaconda.org/conda-forge/win-64/ca-certificates-2025.1.31-h56e8100_0.conda
      - conda: https://conda.anaconda.org/conda-forge/win-64/libffi-3.4.6-h537db12_1.conda
      - conda: https://conda.anaconda.org/conda-forge/win-64/libsqlite-3.49.1-h67fdade_2.conda
      - conda: https://conda.anaconda.org/conda-forge/win-64/libzlib-1.3.1-h2466b09_2.conda
      - conda: https://conda.anaconda.org/conda-forge/win-64/openssl-3.0.16-ha4e3fda_0.conda
      - conda: https://conda.anaconda.org/conda-forge/win-64/python-3.11.0-hcf16a7b_0_cpython.tar.bz2
      - conda: https://conda.anaconda.org/conda-forge/win-64/tk-8.6.13-h5226925_1.conda
      - conda: https://conda.anaconda.org/conda-forge/noarch/tzdata-2025b-h78e105d_0.conda
      - conda: https://conda.anaconda.org/conda-forge/win-64/ucrt-10.0.22621.0-h57928b3_1.conda
      - conda: https://conda.anaconda.org/conda-forge/win-64/vc-14.3-h2b53caa_26.conda
      - conda: https://conda.anaconda.org/conda-forge/win-64/vc14_runtime-14.42.34438-hfd919c2_26.conda
      - conda: https://conda.anaconda.org/conda-forge/win-64/vs2015_runtime-14.42.34438-h7142326_26.conda
      - conda: https://conda.anaconda.org/conda-forge/win-64/xz-5.2.6-h8d14728_0.tar.bz2
packages:
- conda: https://conda.anaconda.org/conda-forge/win-64/bzip2-1.0.8-h2466b09_7.conda
  sha256: 35a5dad92e88fdd7fc405e864ec239486f4f31eec229e31686e61a140a8e573b
  md5: 276e7ffe9ffe39688abc665ef0f45596
  depends:
  - ucrt >=10.0.20348.0
  - vc >=14.2,<15
  - vc14_runtime >=14.29.30139
  arch: x86_64
  platform: win
  license: bzip2-1.0.6
  license_family: BSD
  size: 54927
  timestamp: 1720974860185
- conda: https://conda.anaconda.org/conda-forge/win-64/ca-certificates-2025.1.31-h56e8100_0.conda
  sha256: 1bedccdf25a3bd782d6b0e57ddd97cdcda5501716009f2de4479a779221df155
  md5: 5304a31607974dfc2110dfbb662ed092
  arch: x86_64
  platform: win
  license: ISC
  size: 158690
  timestamp: 1738298232550
- conda: https://conda.anaconda.org/conda-forge/win-64/libffi-3.4.6-h537db12_1.conda
  sha256: d3b0b8812eab553d3464bbd68204f007f1ebadf96ce30eb0cbc5159f72e353f5
  md5: 85d8fa5e55ed8f93f874b3b23ed54ec6
  depends:
  - ucrt >=10.0.20348.0
  - vc >=14.2,<15
  - vc14_runtime >=14.29.30139
  arch: x86_64
  platform: win
  license: MIT
  license_family: MIT
  size: 44978
  timestamp: 1743435053850
- conda: https://conda.anaconda.org/conda-forge/win-64/libsqlite-3.49.1-h67fdade_2.conda
  sha256: c092d42d00fd85cf609cc58574ba2b03c141af5762283f36f5dd445ef7c0f4fe
  md5: b58b66d4ad1aaf1c2543cbbd6afb1a59
  depends:
  - ucrt >=10.0.20348.0
  - vc >=14.2,<15
  - vc14_runtime >=14.29.30139
  arch: x86_64
  platform: win
  license: Unlicense
  size: 1081292
  timestamp: 1742083956001
- conda: https://conda.anaconda.org/conda-forge/win-64/libzlib-1.3.1-h2466b09_2.conda
  sha256: ba945c6493449bed0e6e29883c4943817f7c79cbff52b83360f7b341277c6402
  md5: 41fbfac52c601159df6c01f875de31b9
  depends:
  - ucrt >=10.0.20348.0
  - vc >=14.2,<15
  - vc14_runtime >=14.29.30139
  constrains:
  - zlib 1.3.1 *_2
  arch: x86_64
  platform: win
  license: Zlib
  license_family: Other
  size: 55476
  timestamp: 1727963768015
- conda: https://conda.anaconda.org/conda-forge/win-64/openssl-3.0.16-ha4e3fda_0.conda
  sha256: 3a12101b8d98aba58b8aecc60a7b09df49a54444be4862f9faaf6cb50834f2fa
  md5: 1392054a15aca76f856594c39cb8ee30
  depends:
  - ca-certificates
  - ucrt >=10.0.20348.0
  - vc >=14.2,<15
  - vc14_runtime >=14.29.30139
  constrains:
  - pyopenssl >=22.1
  arch: x86_64
  platform: win
  license: Apache-2.0
  license_family: Apache
  size: 7063493
  timestamp: 1739322142708
- conda: https://conda.anaconda.org/conda-forge/win-64/python-3.11.0-hcf16a7b_0_cpython.tar.bz2
  sha256: 20d1f1b5dc620b745c325844545fd5c0cdbfdb2385a0e27ef1507399844c8c6d
  md5: 13ee3577afc291dabd2d9edc59736688
  depends:
  - bzip2 >=1.0.8,<2.0a0
  - libffi >=3.4.2,<3.5.0a0
  - libsqlite >=3.39.4,<4.0a0
  - libzlib >=1.2.13,<2.0.0a0
  - openssl >=3.0.5,<4.0a0
  - tk >=8.6.12,<8.7.0a0
  - tzdata
  - vc >=14.1,<15
  - vs2015_runtime >=14.16.27033
  - xz >=5.2.6,<5.3.0a0
  constrains:
  - python_abi 3.11.* *_cp311
  arch: x86_64
  platform: win
  license: Python-2.0
  size: 19819816
  timestamp: 1666678800085
- conda: https://conda.anaconda.org/conda-forge/win-64/tk-8.6.13-h5226925_1.conda
  sha256: 2c4e914f521ccb2718946645108c9bd3fc3216ba69aea20c2c3cedbd8db32bb1
  md5: fc048363eb8f03cd1737600a5d08aafe
  depends:
  - ucrt >=10.0.20348.0
  - vc >=14.2,<15
  - vc14_runtime >=14.29.30139
  arch: x86_64
  platform: win
  license: TCL
  license_family: BSD
  size: 3503410
  timestamp: 1699202577803
- conda: https://conda.anaconda.org/conda-forge/noarch/tzdata-2025b-h78e105d_0.conda
  sha256: 5aaa366385d716557e365f0a4e9c3fca43ba196872abbbe3d56bb610d131e192
  md5: 4222072737ccff51314b5ece9c7d6f5a
  license: LicenseRef-Public-Domain
  size: 122968
  timestamp: 1742727099393
- conda: https://conda.anaconda.org/conda-forge/win-64/ucrt-10.0.22621.0-h57928b3_1.conda
  sha256: db8dead3dd30fb1a032737554ce91e2819b43496a0db09927edf01c32b577450
  md5: 6797b005cd0f439c4c5c9ac565783700
  constrains:
  - vs2015_runtime >=14.29.30037
  arch: x86_64
  platform: win
  license: LicenseRef-MicrosoftWindowsSDK10
  size: 559710
  timestamp: 1728377334097
- conda: https://conda.anaconda.org/conda-forge/win-64/vc-14.3-h2b53caa_26.conda
  sha256: 7a685b5c37e9713fa314a0d26b8b1d7a2e6de5ab758698199b5d5b6dba2e3ce1
  md5: d3f0381e38093bde620a8d85f266ae55
  depends:
  - vc14_runtime >=14.42.34433
  arch: x86_64
  platform: win
  track_features:
  - vc14
  license: BSD-3-Clause
  license_family: BSD
  size: 17893
  timestamp: 1743195261486
- conda: https://conda.anaconda.org/conda-forge/win-64/vc14_runtime-14.42.34438-hfd919c2_26.conda
  sha256: 30dcb71bb166e351aadbdc18f1718757c32cdaa0e1e5d9368469ee44f6bf4709
  md5: 91651a36d31aa20c7ba36299fb7068f4
  depends:
  - ucrt >=10.0.20348.0
  constrains:
  - vs2015_runtime 14.42.34438.* *_26
  arch: x86_64
  platform: win
  license: LicenseRef-MicrosoftVisualCpp2015-2022Runtime
  license_family: Proprietary
  size: 750733
  timestamp: 1743195092905
- conda: https://conda.anaconda.org/conda-forge/win-64/vs2015_runtime-14.42.34438-h7142326_26.conda
  sha256: 432f2937206f1ad4a77e39f84fabc1ce7d2472b669836fb72bd2bfd19a2defc9
  md5: 3357e4383dbce31eed332008ede242ab
  depends:
  - vc14_runtime >=14.42.34438
  arch: x86_64
  platform: win
  license: BSD-3-Clause
  license_family: BSD
  size: 17873
  timestamp: 1743195097269
- conda: https://conda.anaconda.org/conda-forge/win-64/xz-5.2.6-h8d14728_0.tar.bz2
  sha256: 54d9778f75a02723784dc63aff4126ff6e6749ba21d11a6d03c1f4775f269fe0
  md5: 515d77642eaa3639413c6b1bc3f94219
  depends:
  - vc >=14.1,<15
  - vs2015_runtime >=14.16.27033
  arch: x86_64
  platform: win
  license: LGPL-2.1 and GPL-2.0
  size: 217804
  timestamp: 1660346976440
